
Microsoft Visual Studio Solution File, Format Version 12.00
# Visual Studio Version 17
VisualStudioVersion = 17.8.34322.80
MinimumVisualStudioVersion = 10.0.40219.1
Project("{FAE04EC0-301F-11D3-BF4B-00C04F79EFBC}") = "Day1", "Day1\Day1.csproj", "{9558FDAB-81F5-4CC0-93D6-269C19626503}"
EndProject
Global
	GlobalSection(SolutionConfigurationPlatforms) = preSolution
		Debug|Any CPU = Debug|Any CPU
		Release|Any CPU = Release|Any CPU
	EndGlobalSection
	GlobalSection(ProjectConfigurationPlatforms) = postSolution
		{9558FDAB-81F5-4CC0-93D6-269C19626503}.Debug|Any CPU.ActiveCfg = Debug|Any CPU
		{9558FDAB-81F5-4CC0-93D6-269C19626503}.Debug|Any CPU.Build.0 = Debug|Any CPU
		{9558FDAB-81F5-4CC0-93D6-269C19626503}.Release|Any CPU.ActiveCfg = Release|Any CPU
		{9558FDAB-81F5-4CC0-93D6-269C19626503}.Release|Any CPU.Build.0 = Release|Any CPU
	EndGlobalSection
	GlobalSection(SolutionProperties) = preSolution
		HideSolutionNode = FALSE
	EndGlobalSection
	GlobalSection(ExtensibilityGlobals) = postSolution
		SolutionGuid = {A67F8A7A-D65D-46CC-BDF3-FC03EC47156E}
	EndGlobalSection
EndGlobal
